
Microsoft Visual Studio Solution File, Format Version 12.00
# Visual Studio Version 17
VisualStudioVersion = 17.5.002.0
MinimumVisualStudioVersion = 10.0.40219.1
Project("{9A19103F-16F7-4668-BE54-9A1E7A4F7556}") = "webapi-docker", "webapi-docker.csproj", "{A085CDA8-CA2E-4A3C-B0DD-068DA4B804BA}"
EndProject
Global
	GlobalSection(SolutionConfigurationPlatforms) = preSolution
		Debug|Any CPU = Debug|Any CPU
		Release|Any CPU = Release|Any CPU
	EndGlobalSection
	GlobalSection(ProjectConfigurationPlatforms) = postSolution
		{A085CDA8-CA2E-4A3C-B0DD-068DA4B804BA}.Debug|Any CPU.ActiveCfg = Debug|Any CPU
		{A085CDA8-CA2E-4A3C-B0DD-068DA4B804BA}.Debug|Any CPU.Build.0 = Debug|Any CPU
		{A085CDA8-CA2E-4A3C-B0DD-068DA4B804BA}.Release|Any CPU.ActiveCfg = Release|Any CPU
		{A085CDA8-CA2E-4A3C-B0DD-068DA4B804BA}.Release|Any CPU.Build.0 = Release|Any CPU
	EndGlobalSection
	GlobalSection(SolutionProperties) = preSolution
		HideSolutionNode = FALSE
	EndGlobalSection
	GlobalSection(ExtensibilityGlobals) = postSolution
		SolutionGuid = {D13F0570-CC88-4345-B6DB-8B3E31E04DC4}
	EndGlobalSection
EndGlobal
